{
  "originHash" : "44a74419c4004cd3c7cfa16de72dbefad2a04c2be6dbf24cff74e64025b8c8f2",
  "pins" : [
    {
      "identity" : "bc-lifehash",
      "kind" : "remoteSourceControl",
      "location" : "https://github.com/BlockchainCommons/bc-lifehash",
      "state" : {
        "revision" : "9f1d125749b763b932619e682588bb7f26933d29",
        "version" : "0.4.1"
      }
    },
    {
      "identity" : "keychain-swift",
      "kind" : "remoteSourceControl",
      "location" : "https://github.com/evgenyneu/keychain-swift/",
      "state" : {
        "revision" : "d108a1fa6189e661f91560548ef48651ed8d93b9",
        "version" : "20.0.0"
      }
    },
    {
      "identity" : "kingfisher",
      "kind" : "remoteSourceControl",
      "location" : "https://github.com/onevcat/Kingfisher",
      "state" : {
        "revision" : "2ef543ee21d63734e1c004ad6c870255e8716c50",
        "version" : "7.12.0"
      }
    },
    {
      "identity" : "lifehash",
      "kind" : "remoteSourceControl",
      "location" : "https://github.com/BlockchainCommons/LifeHash",
      "state" : {
        "revision" : "fb842d1378b960be6750267e98ae6ce8f287054d",
        "version" : "6.3.2"
      }
    },
    {
      "identity" : "nostrkit",
      "kind" : "remoteSourceControl",
      "location" : "https://github.com/cnixbtc/NostrKit.git",
      "state" : {
        "branch" : "master",
        "revision" : "9b343826a0d60c5d77f790166f42fe8bbd263172"
      }
    },
    {
      "identity" : "realm-core",
      "kind" : "remoteSourceControl",
      "location" : "https://github.com/realm/realm-core.git",
      "state" : {
        "revision" : "cccb3ca9e26ec452a29f2f0d4050d1e38b8a3d43",
        "version" : "14.14.0"
      }
    },
    {
      "identity" : "realm-swift",
      "kind" : "remoteSourceControl",
      "location" : "https://github.com/realm/realm-swift.git",
      "state" : {
        "branch" : "master",
        "revision" : "5fcba6408c99eb3596bf5ae148bfc1a33b5adebd"
      }
    },
    {
      "identity" : "sdwebimage",
      "kind" : "remoteSourceControl",
      "location" : "https://github.com/SDWebImage/SDWebImage.git",
      "state" : {
        "revision" : "b62cb63bf4ed1f04c961a56c9c6c9d5ab8524ec6",
        "version" : "5.21.1"
      }
    },
    {
      "identity" : "sdwebimagesvgcoder",
      "kind" : "remoteSourceControl",
      "location" : "https://github.com/SDWebImage/SDWebImageSVGCoder.git",
      "state" : {
        "revision" : "85b5d58ad02c207c496fa34426dc6560d6ae32f0",
        "version" : "1.8.0"
      }
    },
    {
      "identity" : "sdwebimageswiftui",
      "kind" : "remoteSourceControl",
      "location" : "https://github.com/SDWebImage/SDWebImageSwiftUI.git",
      "state" : {
        "revision" : "53573d6dd017e354c0e7d8f1c86b77ef1383c996",
        "version" : "2.2.7"
      }
    },
    {
      "identity" : "secp256k1.swift",
      "kind" : "remoteSourceControl",
      "location" : "https://github.com/GigaBitcoin/secp256k1.swift",
      "state" : {
        "revision" : "b80388789a8058fc99202436225f8f15d35dfbea",
        "version" : "0.8.1"
      }
    },
    {
      "identity" : "simpletoast",
      "kind" : "remoteSourceControl",
      "location" : "https://github.com/sanzaru/SimpleToast.git",
      "state" : {
        "revision" : "8d49c8c16d218b03c3428a0d1c8fe79f4e2707a6",
        "version" : "0.11.0"
      }
    },
    {
      "identity" : "swift-crypto",
      "kind" : "remoteSourceControl",
      "location" : "https://github.com/apple/swift-crypto.git",
      "state" : {
        "revision" : "d9825fa541df64b1a7b182178d61b9a82730d01f",
        "version" : "2.1.0"
      }
    }
  ],
  "version" : 3
}
